{
    "_meta": {
        "hash": {
            "sha256": "6eee50aedd1e01f0598fc59130624afc9a6cd6f47c06e9d99d06aaece3e2ec9c"
        },
        "pipfile-spec": 6,
        "requires": {
            "python_version": "3.9"
        },
        "sources": [
            {
                "name": "pypi",
                "url": "https://pypi.python.org/simple",
                "verify_ssl": true
            }
        ]
    },
    "default": {
        "altgraph": {
            "hashes": [
                "sha256:1f05a47122542f97028caf78775a095fbe6a2699b5089de8477eb583167d69aa",
                "sha256:c623e5f3408ca61d4016f23a681b9adb100802ca3e3da5e718915a9e4052cebe"
            ],
            "version": "==0.17"
        },
        "beautifulsoup4": {
            "hashes": [
                "sha256:4c98143716ef1cb40bf7f39a8e3eec8f8b009509e74904ba3a7b315431577e35",
                "sha256:84729e322ad1d5b4d25f805bfa05b902dd96450f43842c4e99067d5e1369eb25",
                "sha256:fff47e031e34ec82bf17e00da8f592fe7de69aeea38be00523c04623c04fb666"
            ],
            "index": "pypi",
            "version": "==4.9.3"
        },
        "future": {
            "hashes": [
                "sha256:b1bead90b70cf6ec3f0710ae53a525360fa360d306a86583adc6bf83a4db537d"
            ],
            "markers": "python_version >= '2.6' and python_version not in '3.0, 3.1, 3.2, 3.3'",
            "version": "==0.18.2"
        },
        "pefile": {
            "hashes": [
                "sha256:ed79b2353daa58421459abf4d685953bde0adf9f6e188944f97ba9795f100246"
            ],
            "markers": "sys_platform == 'win32'",
            "version": "==2021.5.24"
        },
        "pyinstaller": {
            "hashes": [
                "sha256:5ecf8bbc230d7298a796e52bb745b95eee12878d141f1645612c99246ecd23f2"
            ],
            "index": "pypi",
            "version": "==4.3"
        },
        "pyinstaller-hooks-contrib": {
            "hashes": [
                "sha256:27558072021857d89524c42136feaa2ffe4f003f1bdf0278f9b24f6902c1759c",
                "sha256:892310e6363655838485ee748bf1c5e5cade7963686d9af8650ee218a3e0b031"
            ],
            "version": "==2021.1"
        },
        "pyqt5": {
            "hashes": [
                "sha256:213bebd51821ed89b4d5b35bb10dbe67564228b3568f463a351a08e8b1677025",
                "sha256:2a69597e0dd11caabe75fae133feca66387819fc9bc050f547e5551bce97e5be",
                "sha256:883a549382fc22d29a0568f3ef20b38c8e7ab633a59498ac4eb63a3bf36d3fd3",
                "sha256:8c0848ba790a895801d5bfd171da31cad3e551dbcc4e59677a3b622de2ceca98",
                "sha256:a88526a271e846e44779bb9ad7a738c6d3c4a9d01e15a128ecfc6dd4696393b7"
            ],
            "index": "pypi",
            "version": "==5.15.4"
        },
        "pyqt5-qt5": {
            "hashes": [
                "sha256:1988f364ec8caf87a6ee5d5a3a5210d57539988bf8e84714c7d60972692e2f4a",
                "sha256:750b78e4dba6bdf1607febedc08738e318ea09e9b10aea9ff0d73073f11f6962",
                "sha256:76980cd3d7ae87e3c7a33bfebfaee84448fd650bad6840471d6cae199b56e154",
                "sha256:9cc7a768b1921f4b982ebc00a318ccb38578e44e45316c7a4a850e953e1dd327"
            ],
            "version": "==5.15.2"
        },
        "pyqt5-sip": {
            "hashes": [
                "sha256:055581c6fed44ba4302b70eeb82e979ff70400037358908f251cd85cbb3dbd93",
                "sha256:42274a501ab4806d2c31659170db14c282b8313d2255458064666d9e70d96206",
                "sha256:4347bd81d30c8e3181e553b3734f91658cfbdd8f1a19f254777f906870974e6d",
                "sha256:4f8e05fe01d54275877c59018d8e82dcdd0bc5696053a8b830eecea3ce806121",
                "sha256:69a3ad4259172e2b1aa9060de211efac39ddd734a517b1924d9c6c0cc4f55f96",
                "sha256:6a8701892a01a5a2a4720872361197cc80fdd5f49c8482d488ddf38c9c84f055",
                "sha256:83c3220b1ca36eb8623ba2eb3766637b19eb0ce9f42336ad8253656d32750c0a",
                "sha256:a25b9843c7da6a1608f310879c38e6434331aab1dc2fe6cb65c14f1ecf33780e",
                "sha256:ac57d796c78117eb39edd1d1d1aea90354651efac9d3590aac67fa4983f99f1f",
                "sha256:b09f4cd36a4831229fb77c424d89635fa937d97765ec90685e2f257e56a2685a",
                "sha256:c446971c360a0a1030282a69375a08c78e8a61d568bfd6dab3dcc5cf8817f644",
                "sha256:c5216403d4d8d857ec4a61f631d3945e44fa248aa2415e9ee9369ab7c8a4d0c7",
                "sha256:d3e4489d7c2b0ece9d203ae66e573939f7f60d4d29e089c9f11daa17cfeaae32",
                "sha256:d85002238b5180bce4b245c13d6face848faa1a7a9e5c6e292025004f2fd619a",
                "sha256:d8b2bdff7bbf45bc975c113a03b14fd669dc0c73e1327f02706666a7dd51a197",
                "sha256:dd05c768c2b55ffe56a9d49ce6cc77cdf3d53dbfad935258a9e347cbfd9a5850",
                "sha256:fc43f2d7c438517ee33e929e8ae77132749c15909afab6aeece5fcf4147ffdb5"
            ],
            "markers": "python_version >= '3.5'",
            "version": "==12.9.0"
        },
        "pywin32": {
            "hashes": [
                "sha256:595d397df65f1b2e0beaca63a883ae6d8b6df1cdea85c16ae85f6d2e648133fe",
                "sha256:87604a4087434cd814ad8973bd47d6524bd1fa9e971ce428e76b62a5e0860fdf",
                "sha256:88981dd3cfb07432625b180f49bf4e179fb8cbb5704cd512e38dd63636af7a17",
                "sha256:8c9d33968aa7fcddf44e47750e18f3d034c3e443a707688a008a2e52bbef7e96",
                "sha256:93367c96e3a76dfe5003d8291ae16454ca7d84bb24d721e0b74a07610b7be4a7",
                "sha256:9635df6998a70282bd36e7ac2a5cef9ead1627b0a63b17c731312c7a0daebb72",
                "sha256:98f62a3f60aa64894a290fb7494bfa0bfa0a199e9e052e1ac293b2ad3cd2818b",
                "sha256:c866f04a182a8cb9b7855de065113bbd2e40524f570db73ef1ee99ff0a5cc2f0",
                "sha256:dafa18e95bf2a92f298fe9c582b0e205aca45c55f989937c52c454ce65b93c78",
                "sha256:fb3b4933e0382ba49305cc6cd3fb18525df7fd96aa434de19ce0878133bf8e4a"
            ],
            "index": "pypi",
            "markers": "os_name == 'nt'",
            "version": "==301"
        },
        "pywin32-ctypes": {
            "hashes": [
                "sha256:24ffc3b341d457d48e8922352130cf2644024a4ff09762a2261fd34c36ee5942",
                "sha256:9dc2d991b3479cc2df15930958b674a48a227d5361d413827a4cfd0b5876fc98"
            ],
            "markers": "sys_platform == 'win32'",
            "version": "==0.2.0"
        },
        "soupsieve": {
            "hashes": [
                "sha256:052774848f448cf19c7e959adf5566904d525f33a3f8b6ba6f6f8f26ec7de0cc",
                "sha256:c2c1c2d44f158cdbddab7824a9af8c4f83c76b1e23e049479aa432feb6c4c23b"
            ],
            "markers": "python_version >= '3.0'",
            "version": "==2.2.1"
        },
        "urllib3": {
            "hashes": [
                "sha256:753a0374df26658f99d826cfe40394a686d05985786d946fbe4165b5148f5a7c",
                "sha256:a7acd0977125325f516bda9735fa7142b909a8d01e8b2e4c8108d0984e6e0098"
            ],
            "index": "pypi",
            "version": "==1.26.5"
        }
    },
    "develop": {
        "autopep8": {
            "hashes": [
                "sha256:276ced7e9e3cb22e5d7c14748384a5cf5d9002257c0ed50c0e075b68011bb6d0",
                "sha256:aa213493c30dcdac99537249ee65b24af0b2c29f2e83cd8b3f68760441ed0db9"
            ],
            "index": "pypi",
            "version": "==1.5.7"
        },
        "click": {
            "hashes": [
                "sha256:d2b5255c7c6349bc1bd1e59e08cd12acbbd63ce649f2588755783aa94dfb6b1a",
                "sha256:dacca89f4bfadd5de3d7489b7c8a566eee0d3676333fbb50030263894c38c0dc"
            ],
            "markers": "python_version >= '2.7' and python_version not in '3.0, 3.1, 3.2, 3.3, 3.4'",
            "version": "==7.1.2"
        },
        "flake8": {
            "hashes": [
                "sha256:07528381786f2a6237b061f6e96610a4167b226cb926e2aa2b6b1d78057c576b",
                "sha256:bf8fd333346d844f616e8d47905ef3a3384edae6b4e9beb0c5101e25e3110907"
            ],
            "index": "pypi",
            "version": "==3.9.2"
        },
        "ghp-import": {
            "hashes": [
                "sha256:753de2eace6e0f7d4edfb3cce5e3c3b98cd52aadb80163303d1d036bda7b4483"
            ],
            "version": "==2.0.1"
        },
        "importlib-metadata": {
            "hashes": [
                "sha256:833b26fb89d5de469b24a390e9df088d4e52e4ba33b01dc5e0e4f41b81a16c00",
                "sha256:b142cc1dd1342f31ff04bb7d022492b09920cb64fed867cd3ea6f80fe3ebd139"
            ],
            "markers": "python_version >= '3.6'",
            "version": "==4.5.0"
        },
        "jinja2": {
            "hashes": [
                "sha256:1f06f2da51e7b56b8f238affdd6b4e2c61e39598a378cc49345bc1bd42a978a4",
                "sha256:703f484b47a6af502e743c9122595cc812b0271f661722403114f71a79d0f5a4"
            ],
            "markers": "python_version >= '3.6'",
            "version": "==3.0.1"
        },
        "markdown": {
            "hashes": [
                "sha256:31b5b491868dcc87d6c24b7e3d19a0d730d59d3e46f4eea6430a321bed387a49",
                "sha256:96c3ba1261de2f7547b46a00ea8463832c921d3f9d6aba3f255a6f71386db20c"
            ],
            "markers": "python_version >= '3.6'",
            "version": "==3.3.4"
        },
        "markupsafe": {
            "hashes": [
                "sha256:01a9b8ea66f1658938f65b93a85ebe8bc016e6769611be228d797c9d998dd298",
                "sha256:023cb26ec21ece8dc3907c0e8320058b2e0cb3c55cf9564da612bc325bed5e64",
                "sha256:0446679737af14f45767963a1a9ef7620189912317d095f2d9ffa183a4d25d2b",
                "sha256:0717a7390a68be14b8c793ba258e075c6f4ca819f15edfc2a3a027c823718567",
                "sha256:0955295dd5eec6cb6cc2fe1698f4c6d84af2e92de33fbcac4111913cd100a6ff",
                "sha256:10f82115e21dc0dfec9ab5c0223652f7197feb168c940f3ef61563fc2d6beb74",
                "sha256:1d609f577dc6e1aa17d746f8bd3c31aa4d258f4070d61b2aa5c4166c1539de35",
                "sha256:2ef54abee730b502252bcdf31b10dacb0a416229b72c18b19e24a4509f273d26",
                "sha256:3c112550557578c26af18a1ccc9e090bfe03832ae994343cfdacd287db6a6ae7",
                "sha256:47ab1e7b91c098ab893b828deafa1203de86d0bc6ab587b160f78fe6c4011f75",
                "sha256:49e3ceeabbfb9d66c3aef5af3a60cc43b85c33df25ce03d0031a608b0a8b2e3f",
                "sha256:4efca8f86c54b22348a5467704e3fec767b2db12fc39c6d963168ab1d3fc9135",
                "sha256:53edb4da6925ad13c07b6d26c2a852bd81e364f95301c66e930ab2aef5b5ddd8",
                "sha256:594c67807fb16238b30c44bdf74f36c02cdf22d1c8cda91ef8a0ed8dabf5620a",
                "sha256:611d1ad9a4288cf3e3c16014564df047fe08410e628f89805e475368bd304914",
                "sha256:6557b31b5e2c9ddf0de32a691f2312a32f77cd7681d8af66c2692efdbef84c18",
                "sha256:693ce3f9e70a6cf7d2fb9e6c9d8b204b6b39897a2c4a1aa65728d5ac97dcc1d8",
                "sha256:6a7fae0dd14cf60ad5ff42baa2e95727c3d81ded453457771d02b7d2b3f9c0c2",
                "sha256:6c4ca60fa24e85fe25b912b01e62cb969d69a23a5d5867682dd3e80b5b02581d",
                "sha256:7d91275b0245b1da4d4cfa07e0faedd5b0812efc15b702576d103293e252af1b",
                "sha256:905fec760bd2fa1388bb5b489ee8ee5f7291d692638ea5f67982d968366bef9f",
                "sha256:97383d78eb34da7e1fa37dd273c20ad4320929af65d156e35a5e2d89566d9dfb",
                "sha256:984d76483eb32f1bcb536dc27e4ad56bba4baa70be32fa87152832cdd9db0833",
                "sha256:a30e67a65b53ea0a5e62fe23682cfe22712e01f453b95233b25502f7c61cb415",
                "sha256:ab3ef638ace319fa26553db0624c4699e31a28bb2a835c5faca8f8acf6a5a902",
                "sha256:b2f4bf27480f5e5e8ce285a8c8fd176c0b03e93dcc6646477d4630e83440c6a9",
                "sha256:b7f2d075102dc8c794cbde1947378051c4e5180d52d276987b8d28a3bd58c17d",
                "sha256:be98f628055368795d818ebf93da628541e10b75b41c559fdf36d104c5787066",
                "sha256:d7f9850398e85aba693bb640262d3611788b1f29a79f0c93c565694658f4071f",
                "sha256:f5653a225f31e113b152e56f154ccbe59eeb1c7487b39b9d9f9cdb58e6c79dc5",
                "sha256:f826e31d18b516f653fe296d967d700fddad5901ae07c622bb3705955e1faa94",
                "sha256:f8ba0e8349a38d3001fae7eadded3f6606f0da5d748ee53cc1dab1d6527b9509",
                "sha256:f9081981fe268bd86831e5c75f7de206ef275defcb82bc70740ae6dc507aee51",
                "sha256:fa130dd50c57d53368c9d59395cb5526eda596d3ffe36666cd81a44d56e48872"
            ],
            "markers": "python_version >= '3.6'",
            "version": "==2.0.1"
        },
        "mccabe": {
            "hashes": [
                "sha256:ab8a6258860da4b6677da4bd2fe5dc2c659cff31b3ee4f7f5d64e79735b80d42",
                "sha256:dd8d182285a0fe56bace7f45b5e7d1a6ebcbf524e8f3bd87eb0f125271b8831f"
            ],
            "version": "==0.6.1"
        },
        "mergedeep": {
            "hashes": [
                "sha256:0096d52e9dad9939c3d975a774666af186eda617e6ca84df4c94dec30004f2a8",
                "sha256:70775750742b25c0d8f36c55aed03d24c3384d17c951b3175d898bd778ef0307"
            ],
            "markers": "python_version >= '3.6'",
            "version": "==1.3.4"
        },
        "mkdocs": {
            "hashes": [
                "sha256:11141126e5896dd9d279b3e4814eb488e409a0990fb638856255020406a8e2e7",
                "sha256:6e0ea175366e3a50d334597b0bc042b8cebd512398cdd3f6f34842d0ef524905"
            ],
            "index": "pypi",
            "version": "==1.2.1"
        },
        "mkdocs-material": {
            "hashes": [
                "sha256:08eaf9f77c6d026706397bae2c50d202cfe3a81ef984027b671b4acd365dfc5b",
                "sha256:e555c66ece5eab7023c4733270dc7627280e707e5082dab278d6a7a4881d2435"
            ],
            "index": "pypi",
            "version": "==7.1.8"
        },
        "mkdocs-material-extensions": {
            "hashes": [
                "sha256:6947fb7f5e4291e3c61405bad3539d81e0b3cd62ae0d66ced018128af509c68f",
                "sha256:d90c807a88348aa6d1805657ec5c0b2d8d609c110e62b9dce4daf7fa981fa338"
            ],
            "markers": "python_version >= '3.5'",
            "version": "==1.0.1"
        },
        "packaging": {
            "hashes": [
                "sha256:5b327ac1320dc863dca72f4514ecc086f31186744b84a230374cc1fd776feae5",
                "sha256:67714da7f7bc052e064859c05c595155bd1ee9f69f76557e21f051443c20947a"
            ],
            "markers": "python_version >= '2.7' and python_version not in '3.0, 3.1, 3.2, 3.3'",
            "version": "==20.9"
        },
        "pycodestyle": {
            "hashes": [
                "sha256:514f76d918fcc0b55c6680472f0a37970994e07bbb80725808c17089be302068",
                "sha256:c389c1d06bf7904078ca03399a4816f974a1d590090fecea0c63ec26ebaf1cef"
            ],
            "markers": "python_version >= '2.7' and python_version not in '3.0, 3.1, 3.2, 3.3'",
            "version": "==2.7.0"
        },
        "pyflakes": {
            "hashes": [
                "sha256:7893783d01b8a89811dd72d7dfd4d84ff098e5eed95cfa8905b22bbffe52efc3",
                "sha256:f5bc8ecabc05bb9d291eb5203d6810b49040f6ff446a756326104746cc00c1db"
            ],
            "markers": "python_version >= '2.7' and python_version not in '3.0, 3.1, 3.2, 3.3'",
            "version": "==2.3.1"
        },
        "pygments": {
            "hashes": [
                "sha256:a18f47b506a429f6f4b9df81bb02beab9ca21d0a5fee38ed15aef65f0545519f",
                "sha256:d66e804411278594d764fc69ec36ec13d9ae9147193a1740cd34d272ca383b8e"
            ],
            "markers": "python_version >= '3.5'",
            "version": "==2.9.0"
        },
        "pymdown-extensions": {
            "hashes": [
                "sha256:141452d8ed61165518f2c923454bf054866b85cf466feedb0eb68f04acdc2560",
                "sha256:b6daa94aad9e1310f9c64c8b1f01e4ce82937ab7eb53bfc92876a97aca02a6f4"
            ],
            "markers": "python_version >= '3.6'",
            "version": "==8.2"
        },
        "pyparsing": {
            "hashes": [
                "sha256:c203ec8783bf771a155b207279b9bccb8dea02d8f0c9e5f8ead507bc3246ecc1",
                "sha256:ef9d7589ef3c200abe66653d3f1ab1033c3c419ae9b9bdb1240a85b024efc88b"
            ],
            "markers": "python_version >= '2.6' and python_version not in '3.0, 3.1, 3.2, 3.3'",
            "version": "==2.4.7"
        },
        "pyqt5": {
            "hashes": [
                "sha256:213bebd51821ed89b4d5b35bb10dbe67564228b3568f463a351a08e8b1677025",
                "sha256:2a69597e0dd11caabe75fae133feca66387819fc9bc050f547e5551bce97e5be",
                "sha256:883a549382fc22d29a0568f3ef20b38c8e7ab633a59498ac4eb63a3bf36d3fd3",
                "sha256:8c0848ba790a895801d5bfd171da31cad3e551dbcc4e59677a3b622de2ceca98",
                "sha256:a88526a271e846e44779bb9ad7a738c6d3c4a9d01e15a128ecfc6dd4696393b7"
            ],
            "index": "pypi",
            "version": "==5.15.4"
        },
        "pyqt5-plugins": {
            "hashes": [
                "sha256:18c3f128bd3beb7101a0bd1b534864f7a3ab6186fbd304badf173d4c19d7dfdb",
                "sha256:259fa77a3acf3aaec4aee2423afbd5250e7147da4268ba019bec4d99825ad374",
                "sha256:3f42ce1cfb23994bab8fb9c1817665c1eac4c3a0c05b9e1c9e57088d40e58897",
                "sha256:744b880206fe8bab5567684f195c7d725f2b84dc30a812586bfdd3cca0ef1dcc",
                "sha256:75958c4270ace18198768987380079e33d30561f5f723b8a1951a3134a7cc793",
                "sha256:782f198cd8f1684ebfa5c7e41ef2346970e55d5fcab3e38bb303a8db67ec7167",
                "sha256:7894a4a56890d104ca0764db4bf380a67cf21e3ecbd7d451f07147f75c52e31f",
                "sha256:8d053e82015fa54d73a4690dcd732149c4fe467fb0d414376c3bce73e9d9d510",
                "sha256:97685a20671f2fd0f21686aa6269291f247917d69bc2e0f53059f6998e586b4a",
                "sha256:9f4cbc8719032d0531b42c1eb42e2a63ccd6666741c5ead856847049790202a0",
                "sha256:a613746870a0a7179777c4d8e2ec4ec247114e6cdb36d493f24cc60347216fd0",
                "sha256:b03601596dd2105f23fb0864a07f8202d48d69859c1f23852b572d4286f07584",
                "sha256:d7c9440f39265b6c3f45ce0af96ee63f59c664e3c02581f251bbd204d874d121",
                "sha256:e3ef8949e4344ba59b277bbaae88fac41f051dbcca77a0c9da0e085a1a5f4904",
                "sha256:ed93fa9ea6430d8a1bad3834d5c47b46b77dd4d0143f13afc485bfbedaad6afc",
                "sha256:f6891a24688026050c92445c9b47cb0b676359588309f7f6a6a2666d4a677262"
            ],
            "markers": "python_version >= '3.5'",
            "version": "==5.15.4.2.2"
        },
        "pyqt5-qt5": {
            "hashes": [
                "sha256:1988f364ec8caf87a6ee5d5a3a5210d57539988bf8e84714c7d60972692e2f4a",
                "sha256:750b78e4dba6bdf1607febedc08738e318ea09e9b10aea9ff0d73073f11f6962",
                "sha256:76980cd3d7ae87e3c7a33bfebfaee84448fd650bad6840471d6cae199b56e154",
                "sha256:9cc7a768b1921f4b982ebc00a318ccb38578e44e45316c7a4a850e953e1dd327"
            ],
            "version": "==5.15.2"
        },
        "pyqt5-sip": {
            "hashes": [
                "sha256:055581c6fed44ba4302b70eeb82e979ff70400037358908f251cd85cbb3dbd93",
                "sha256:42274a501ab4806d2c31659170db14c282b8313d2255458064666d9e70d96206",
                "sha256:4347bd81d30c8e3181e553b3734f91658cfbdd8f1a19f254777f906870974e6d",
                "sha256:4f8e05fe01d54275877c59018d8e82dcdd0bc5696053a8b830eecea3ce806121",
                "sha256:69a3ad4259172e2b1aa9060de211efac39ddd734a517b1924d9c6c0cc4f55f96",
                "sha256:6a8701892a01a5a2a4720872361197cc80fdd5f49c8482d488ddf38c9c84f055",
                "sha256:83c3220b1ca36eb8623ba2eb3766637b19eb0ce9f42336ad8253656d32750c0a",
                "sha256:a25b9843c7da6a1608f310879c38e6434331aab1dc2fe6cb65c14f1ecf33780e",
                "sha256:ac57d796c78117eb39edd1d1d1aea90354651efac9d3590aac67fa4983f99f1f",
                "sha256:b09f4cd36a4831229fb77c424d89635fa937d97765ec90685e2f257e56a2685a",
                "sha256:c446971c360a0a1030282a69375a08c78e8a61d568bfd6dab3dcc5cf8817f644",
                "sha256:c5216403d4d8d857ec4a61f631d3945e44fa248aa2415e9ee9369ab7c8a4d0c7",
                "sha256:d3e4489d7c2b0ece9d203ae66e573939f7f60d4d29e089c9f11daa17cfeaae32",
                "sha256:d85002238b5180bce4b245c13d6face848faa1a7a9e5c6e292025004f2fd619a",
                "sha256:d8b2bdff7bbf45bc975c113a03b14fd669dc0c73e1327f02706666a7dd51a197",
                "sha256:dd05c768c2b55ffe56a9d49ce6cc77cdf3d53dbfad935258a9e347cbfd9a5850",
                "sha256:fc43f2d7c438517ee33e929e8ae77132749c15909afab6aeece5fcf4147ffdb5"
            ],
            "markers": "python_version >= '3.5'",
            "version": "==12.9.0"
        },
        "pyqt5-tools": {
            "hashes": [
                "sha256:7288f36c501fcef036749339a46f8f81ac56091a34634bc3b93085bb0c46e978"
            ],
            "index": "pypi",
            "markers": "os_name == 'nt'",
            "version": "==5.15.4.3.0.3"
        },
        "python-dateutil": {
            "hashes": [
                "sha256:73ebfe9dbf22e832286dafa60473e4cd239f8592f699aa5adaf10050e6e1823c",
                "sha256:75bb3f31ea686f1197762692a9ee6a7550b59fc6ca3a1f4b5d7e32fb98e2da2a"
            ],
            "markers": "python_version >= '2.7' and python_version not in '3.0, 3.1, 3.2, 3.3'",
            "version": "==2.8.1"
        },
        "python-dotenv": {
            "hashes": [
                "sha256:00aa34e92d992e9f8383730816359647f358f4a3be1ba45e5a5cefd27ee91544",
                "sha256:b1ae5e9643d5ed987fc57cc2583021e38db531946518130777734f9589b3141f"
            ],
            "version": "==0.17.1"
        },
        "pyyaml": {
            "hashes": [
                "sha256:08682f6b72c722394747bddaf0aa62277e02557c0fd1c42cb853016a38f8dedf",
                "sha256:0f5f5786c0e09baddcd8b4b45f20a7b5d61a7e7e99846e3c799b05c7c53fa696",
                "sha256:129def1b7c1bf22faffd67b8f3724645203b79d8f4cc81f674654d9902cb4393",
                "sha256:294db365efa064d00b8d1ef65d8ea2c3426ac366c0c4368d930bf1c5fb497f77",
                "sha256:3b2b1824fe7112845700f815ff6a489360226a5609b96ec2190a45e62a9fc922",
                "sha256:3bd0e463264cf257d1ffd2e40223b197271046d09dadf73a0fe82b9c1fc385a5",
                "sha256:4465124ef1b18d9ace298060f4eccc64b0850899ac4ac53294547536533800c8",
                "sha256:49d4cdd9065b9b6e206d0595fee27a96b5dd22618e7520c33204a4a3239d5b10",
                "sha256:4e0583d24c881e14342eaf4ec5fbc97f934b999a6828693a99157fde912540cc",
                "sha256:5accb17103e43963b80e6f837831f38d314a0495500067cb25afab2e8d7a4018",
                "sha256:607774cbba28732bfa802b54baa7484215f530991055bb562efbed5b2f20a45e",
                "sha256:6c78645d400265a062508ae399b60b8c167bf003db364ecb26dcab2bda048253",
                "sha256:72a01f726a9c7851ca9bfad6fd09ca4e090a023c00945ea05ba1638c09dc3347",
                "sha256:74c1485f7707cf707a7aef42ef6322b8f97921bd89be2ab6317fd782c2d53183",
                "sha256:895f61ef02e8fed38159bb70f7e100e00f471eae2bc838cd0f4ebb21e28f8541",
                "sha256:8c1be557ee92a20f184922c7b6424e8ab6691788e6d86137c5d93c1a6ec1b8fb",
                "sha256:bb4191dfc9306777bc594117aee052446b3fa88737cd13b7188d0e7aa8162185",
                "sha256:bfb51918d4ff3d77c1c856a9699f8492c612cde32fd3bcd344af9be34999bfdc",
                "sha256:c20cfa2d49991c8b4147af39859b167664f2ad4561704ee74c1de03318e898db",
                "sha256:cb333c16912324fd5f769fff6bc5de372e9e7a202247b48870bc251ed40239aa",
                "sha256:d2d9808ea7b4af864f35ea216be506ecec180628aced0704e34aca0b040ffe46",
                "sha256:d483ad4e639292c90170eb6f7783ad19490e7a8defb3e46f97dfe4bacae89122",
                "sha256:dd5de0646207f053eb0d6c74ae45ba98c3395a571a2891858e87df7c9b9bd51b",
                "sha256:e1d4970ea66be07ae37a3c2e48b5ec63f7ba6804bdddfdbd3cfd954d25a82e63",
                "sha256:e4fac90784481d221a8e4b1162afa7c47ed953be40d31ab4629ae917510051df",
                "sha256:fa5ae20527d8e831e8230cbffd9f8fe952815b2b7dae6ffec25318803a7528fc",
                "sha256:fd7f6999a8070df521b6384004ef42833b9bd62cfee11a09bda1079b4b704247",
                "sha256:fdc842473cd33f45ff6bce46aea678a54e3d21f1b61a7750ce3c498eedfe25d6",
                "sha256:fe69978f3f768926cfa37b867e3843918e012cf83f680806599ddce33c2c68b0"
            ],
            "markers": "python_version >= '2.7' and python_version not in '3.0, 3.1, 3.2, 3.3, 3.4, 3.5'",
            "version": "==5.4.1"
        },
        "pyyaml-env-tag": {
            "hashes": [
                "sha256:70092675bda14fdec33b31ba77e7543de9ddc88f2e5b99160396572d11525bdb",
                "sha256:af31106dec8a4d68c60207c1886031cbf839b68aa7abccdb19868200532c2069"
            ],
            "markers": "python_version >= '3.6'",
            "version": "==0.1"
        },
        "qt5-applications": {
            "hashes": [
                "sha256:068f920b1d362baf11636a6a9df1ba2e6c99e98f429dd1eba91fba8fd621d874",
                "sha256:8e4c9fca09337ce8eb36f0c0b9398ea1b887c6bedc9024bac26b5c4a6abbbe43",
                "sha256:b6269454e6c26021e127aa6e7462058491f068d852401c99cdebe9c94246d9d2",
                "sha256:c0baa4524ceb7be7a1dcab0251bed361a8353fd13d17d0c57bd20ea0d3924137"
            ],
            "markers": "python_version >= '3.5'",
            "version": "==5.15.2.2.2"
        },
        "qt5-tools": {
            "hashes": [
                "sha256:5b1bb4d09e9e13a4a59463aae0a078cae6f90eaae061afdddb38b89a996dc475"
            ],
            "markers": "python_version >= '3.5'",
            "version": "==5.15.2.1.2"
        },
        "rope": {
            "hashes": [
                "sha256:64e6d747532e1f5c8009ec5aae3e5523a5bcedf516f39a750d57d8ed749d90da"
            ],
            "index": "pypi",
            "version": "==0.19.0"
        },
        "six": {
            "hashes": [
                "sha256:1e61c37477a1626458e36f7b1d82aa5c9b094fa4802892072e49de9c60c4c926",
                "sha256:8abb2f1d86890a2dfb989f9a77cfcfd3e47c2a354b01111771326f8aa26e0254"
            ],
            "markers": "python_version >= '2.7' and python_version not in '3.0, 3.1, 3.2, 3.3'",
            "version": "==1.16.0"
        },
        "toml": {
            "hashes": [
                "sha256:806143ae5bfb6a3c6e736a764057db0e6a0e05e338b5630894a5f779cabb4f9b",
                "sha256:b3bda1d108d5dd99f4a20d24d9c348e91c4db7ab1b749200bded2f839ccbe68f"
            ],
            "markers": "python_version >= '2.6' and python_version not in '3.0, 3.1, 3.2, 3.3'",
            "version": "==0.10.2"
        },
        "watchdog": {
            "hashes": [
                "sha256:0237db4d9024859bea27d0efb59fe75eef290833fd988b8ead7a879b0308c2db",
                "sha256:104266a778906ae0e971368d368a65c4cd032a490a9fca5ba0b78c6c7ae11720",
                "sha256:188145185c08c73c56f1478ccf1f0f0f85101191439679b35b6b100886ce0b39",
                "sha256:1a62a4671796dc93d1a7262286217d9e75823c63d4c42782912d39a506d30046",
                "sha256:255a32d44bbbe62e52874ff755e2eefe271b150e0ec240ad7718a62a7a7a73c4",
                "sha256:3d6405681471ebe0beb3aa083998c4870e48b57f8afdb45ea1b5957cc5cf1014",
                "sha256:4b219d46d89cfa49af1d73175487c14a318a74cb8c5442603fd13c6a5b418c86",
                "sha256:581e3548159fe7d2a9f377a1fbcb41bdcee46849cca8ab803c7ac2e5e04ec77c",
                "sha256:58ebb1095ee493008a7789d47dd62e4999505d82be89fc884d473086fccc6ebd",
                "sha256:598d772beeaf9c98d0df946fbabf0c8365dd95ea46a250c224c725fe0c4730bc",
                "sha256:668391e6c32742d76e5be5db6bf95c455fa4b3d11e76a77c13b39bccb3a47a72",
                "sha256:6ef9fe57162c4c361692620e1d9167574ba1975ee468b24051ca11c9bba6438e",
                "sha256:91387ee2421f30b75f7ff632c9d48f76648e56bf346a7c805c0a34187a93aab4",
                "sha256:a42e6d652f820b2b94cd03156c62559a2ea68d476476dfcd77d931e7f1012d4a",
                "sha256:a6471517315a8541a943c00b45f1d252e36898a3ae963d2d52509b89a50cb2b9",
                "sha256:d34ce2261f118ecd57eedeef95fc2a495fc4a40b3ed7b3bf0bd7a8ccc1ab4f8f",
                "sha256:edcd9ef3fd460bb8a98eb1fcf99941e9fd9f275f45f1a82cb1359ec92975d647"
            ],
            "markers": "python_version >= '3.6'",
            "version": "==2.1.2"
        },
        "zipp": {
            "hashes": [
                "sha256:3607921face881ba3e026887d8150cca609d517579abe052ac81fc5aeffdbd76",
                "sha256:51cb66cc54621609dd593d1787f286ee42a5c0adbb4b29abea5a63edc3e03098"
            ],
            "markers": "python_version >= '3.6'",
            "version": "==3.4.1"
        }
    }
}
